{
  "name": "tencentdb-agent-memory-v2-contract-lab",
  "version": "1.0.0",
  "lockfileVersion": 3,
  "requires": true,
  "packages": {
    "": {
      "name": "tencentdb-agent-memory-v2-contract-lab",
      "version": "1.0.0",
      "dependencies": {
        "@tencentdb-agent-memory/memory-sdk-ts-v2": "1.0.0-beta.2"
      },
      "engines": {
        "node": ">=20"
      }
    },
    "node_modules/@tencentdb-agent-memory/memory-sdk-ts-v2": {
      "version": "1.0.0-beta.2",
      "resolved": "https://registry.npmjs.org/@tencentdb-agent-memory/memory-sdk-ts-v2/-/memory-sdk-ts-v2-1.0.0-beta.2.tgz",
      "integrity": "sha512-4Q1JYkMUPcxhCkczrym0Cul4+wGmshlhgMvLE8Qj2gtYvedFTolbKZ74QisWyp4bMYnPXXCzfMLS6XzlUOpr3g==",
      "license": "MIT",
      "engines": {
        "node": ">=18.0.0"
      }
    }
  }
}
